
Microsoft Visual Studio Solution File, Format Version 12.00
# Visual Studio 15
VisualStudioVersion = 15.0.27703.2042
MinimumVisualStudioVersion = 10.0.40219.1
Project("{FAE04EC0-301F-11D3-BF4B-00C04F79EFBC}") = "EulerSmallestMultiple", "EulerSmallestMultiple\EulerSmallestMultiple.csproj", "{8A45D83F-18D5-4AB0-B63B-8738D97BB59D}"
EndProject
Global
	GlobalSection(SolutionConfigurationPlatforms) = preSolution
		Debug|Any CPU = Debug|Any CPU
		Release|Any CPU = Release|Any CPU
	EndGlobalSection
	GlobalSection(ProjectConfigurationPlatforms) = postSolution
		{8A45D83F-18D5-4AB0-B63B-8738D97BB59D}.Debug|Any CPU.ActiveCfg = Debug|Any CPU
		{8A45D83F-18D5-4AB0-B63B-8738D97BB59D}.Debug|Any CPU.Build.0 = Debug|Any CPU
		{8A45D83F-18D5-4AB0-B63B-8738D97BB59D}.Release|Any CPU.ActiveCfg = Release|Any CPU
		{8A45D83F-18D5-4AB0-B63B-8738D97BB59D}.Release|Any CPU.Build.0 = Release|Any CPU
	EndGlobalSection
	GlobalSection(SolutionProperties) = preSolution
		HideSolutionNode = FALSE
	EndGlobalSection
	GlobalSection(ExtensibilityGlobals) = postSolution
		SolutionGuid = {9936B5CE-DBC7-4C62-BF63-E902825131FA}
	EndGlobalSection
EndGlobal
